
Microsoft Visual Studio Solution File, Format Version 12.00
# Visual Studio Version 17
VisualStudioVersion = 17.2.32516.85
MinimumVisualStudioVersion = 10.0.40219.1
Project("{9A19103F-16F7-4668-BE54-9A1E7A4F7556}") = "DEFAULT_INTERFACE", "DEFAULT_INTERFACE\DEFAULT_INTERFACE.csproj", "{3052A4A4-A06C-4BC0-B304-81994B77C016}"
EndProject
Project("{9A19103F-16F7-4668-BE54-9A1E7A4F7556}") = "PRODUCT_MANAGEMENT", "PRODUCT_MANAGEMENT\PRODUCT_MANAGEMENT.csproj", "{04E1E33D-9F6C-4CEA-8C28-12C30FEFD088}"
EndProject
Project("{9A19103F-16F7-4668-BE54-9A1E7A4F7556}") = "COLLECTION_GENERIC", "COLLECTION_GENERIC\COLLECTION_GENERIC.csproj", "{EAACF3E1-3907-4C13-8DC3-B512FB6A636D}"
EndProject
Project("{9A19103F-16F7-4668-BE54-9A1E7A4F7556}") = "LINQ", "LINQ\LINQ.csproj", "{C07F1B8F-D342-4F43-9F1E-91399ADBD1A3}"
EndProject
Project("{9A19103F-16F7-4668-BE54-9A1E7A4F7556}") = "THREADING", "THREADING\THREADING.csproj", "{99204621-2745-44B9-A8F9-20052462C5A7}"
EndProject
Project("{9A19103F-16F7-4668-BE54-9A1E7A4F7556}") = "FILESTREAM", "FILESTREAM\FILESTREAM.csproj", "{0133D73A-F0FC-4D4B-BB6A-0447A7583489}"
EndProject
Project("{9A19103F-16F7-4668-BE54-9A1E7A4F7556}") = "WinFormsApp", "WinFormsApp\WinFormsApp.csproj", "{6FA2620A-CD43-4F2D-9FCB-29BFF9F18B0A}"
EndProject
Project("{9A19103F-16F7-4668-BE54-9A1E7A4F7556}") = "DemoProviderFactory", "DemoProviderFactory\DemoProviderFactory.csproj", "{B63BAB16-5CDB-44F2-B211-90223C862C51}"
EndProject
Project("{FAE04EC0-301F-11D3-BF4B-00C04F79EFBC}") = "DemoDatabaseFirst", "DemoDatabaseFirst\DemoDatabaseFirst.csproj", "{6353F308-E96E-4E5C-808D-2EFCD81C393A}"
EndProject
Global
	GlobalSection(SolutionConfigurationPlatforms) = preSolution
		Debug|Any CPU = Debug|Any CPU
		Release|Any CPU = Release|Any CPU
	EndGlobalSection
	GlobalSection(ProjectConfigurationPlatforms) = postSolution
		{3052A4A4-A06C-4BC0-B304-81994B77C016}.Debug|Any CPU.ActiveCfg = Debug|Any CPU
		{3052A4A4-A06C-4BC0-B304-81994B77C016}.Debug|Any CPU.Build.0 = Debug|Any CPU
		{3052A4A4-A06C-4BC0-B304-81994B77C016}.Release|Any CPU.ActiveCfg = Release|Any CPU
		{3052A4A4-A06C-4BC0-B304-81994B77C016}.Release|Any CPU.Build.0 = Release|Any CPU
		{04E1E33D-9F6C-4CEA-8C28-12C30FEFD088}.Debug|Any CPU.ActiveCfg = Debug|Any CPU
		{04E1E33D-9F6C-4CEA-8C28-12C30FEFD088}.Debug|Any CPU.Build.0 = Debug|Any CPU
		{04E1E33D-9F6C-4CEA-8C28-12C30FEFD088}.Release|Any CPU.ActiveCfg = Release|Any CPU
		{04E1E33D-9F6C-4CEA-8C28-12C30FEFD088}.Release|Any CPU.Build.0 = Release|Any CPU
		{EAACF3E1-3907-4C13-8DC3-B512FB6A636D}.Debug|Any CPU.ActiveCfg = Debug|Any CPU
		{EAACF3E1-3907-4C13-8DC3-B512FB6A636D}.Debug|Any CPU.Build.0 = Debug|Any CPU
		{EAACF3E1-3907-4C13-8DC3-B512FB6A636D}.Release|Any CPU.ActiveCfg = Release|Any CPU
		{EAACF3E1-3907-4C13-8DC3-B512FB6A636D}.Release|Any CPU.Build.0 = Release|Any CPU
		{C07F1B8F-D342-4F43-9F1E-91399ADBD1A3}.Debug|Any CPU.ActiveCfg = Debug|Any CPU
		{C07F1B8F-D342-4F43-9F1E-91399ADBD1A3}.Debug|Any CPU.Build.0 = Debug|Any CPU
		{C07F1B8F-D342-4F43-9F1E-91399ADBD1A3}.Release|Any CPU.ActiveCfg = Release|Any CPU
		{C07F1B8F-D342-4F43-9F1E-91399ADBD1A3}.Release|Any CPU.Build.0 = Release|Any CPU
		{99204621-2745-44B9-A8F9-20052462C5A7}.Debug|Any CPU.ActiveCfg = Debug|Any CPU
		{99204621-2745-44B9-A8F9-20052462C5A7}.Debug|Any CPU.Build.0 = Debug|Any CPU
		{99204621-2745-44B9-A8F9-20052462C5A7}.Release|Any CPU.ActiveCfg = Release|Any CPU
		{99204621-2745-44B9-A8F9-20052462C5A7}.Release|Any CPU.Build.0 = Release|Any CPU
		{0133D73A-F0FC-4D4B-BB6A-0447A7583489}.Debug|Any CPU.ActiveCfg = Debug|Any CPU
		{0133D73A-F0FC-4D4B-BB6A-0447A7583489}.Debug|Any CPU.Build.0 = Debug|Any CPU
		{0133D73A-F0FC-4D4B-BB6A-0447A7583489}.Release|Any CPU.ActiveCfg = Release|Any CPU
		{0133D73A-F0FC-4D4B-BB6A-0447A7583489}.Release|Any CPU.Build.0 = Release|Any CPU
		{6FA2620A-CD43-4F2D-9FCB-29BFF9F18B0A}.Debug|Any CPU.ActiveCfg = Debug|Any CPU
		{6FA2620A-CD43-4F2D-9FCB-29BFF9F18B0A}.Debug|Any CPU.Build.0 = Debug|Any CPU
		{6FA2620A-CD43-4F2D-9FCB-29BFF9F18B0A}.Release|Any CPU.ActiveCfg = Release|Any CPU
		{6FA2620A-CD43-4F2D-9FCB-29BFF9F18B0A}.Release|Any CPU.Build.0 = Release|Any CPU
		{B63BAB16-5CDB-44F2-B211-90223C862C51}.Debug|Any CPU.ActiveCfg = Debug|Any CPU
		{B63BAB16-5CDB-44F2-B211-90223C862C51}.Debug|Any CPU.Build.0 = Debug|Any CPU
		{B63BAB16-5CDB-44F2-B211-90223C862C51}.Release|Any CPU.ActiveCfg = Release|Any CPU
		{B63BAB16-5CDB-44F2-B211-90223C862C51}.Release|Any CPU.Build.0 = Release|Any CPU
		{6353F308-E96E-4E5C-808D-2EFCD81C393A}.Debug|Any CPU.ActiveCfg = Debug|Any CPU
		{6353F308-E96E-4E5C-808D-2EFCD81C393A}.Debug|Any CPU.Build.0 = Debug|Any CPU
		{6353F308-E96E-4E5C-808D-2EFCD81C393A}.Release|Any CPU.ActiveCfg = Release|Any CPU
		{6353F308-E96E-4E5C-808D-2EFCD81C393A}.Release|Any CPU.Build.0 = Release|Any CPU
	EndGlobalSection
	GlobalSection(SolutionProperties) = preSolution
		HideSolutionNode = FALSE
	EndGlobalSection
	GlobalSection(ExtensibilityGlobals) = postSolution
		SolutionGuid = {85E04998-6146-4AE4-8BF9-335B5B30A208}
	EndGlobalSection
EndGlobal
